
Microsoft Visual Studio Solution File, Format Version 12.00
# Visual Studio Version 17
VisualStudioVersion = 17.13.35825.156 d17.13
MinimumVisualStudioVersion = 10.0.40219.1
Project("{FAE04EC0-301F-11D3-BF4B-00C04F79EFBC}") = "ETicaret", "ETicaret\ETicaret.csproj", "{4FBEE0C9-6CF2-4728-9EB6-86A2707E73E0}"
EndProject
Global
	GlobalSection(SolutionConfigurationPlatforms) = preSolution
		Debug|Any CPU = Debug|Any CPU
		Release|Any CPU = Release|Any CPU
	EndGlobalSection
	GlobalSection(ProjectConfigurationPlatforms) = postSolution
		{4FBEE0C9-6CF2-4728-9EB6-86A2707E73E0}.Debug|Any CPU.ActiveCfg = Debug|Any CPU
		{4FBEE0C9-6CF2-4728-9EB6-86A2707E73E0}.Debug|Any CPU.Build.0 = Debug|Any CPU
		{4FBEE0C9-6CF2-4728-9EB6-86A2707E73E0}.Release|Any CPU.ActiveCfg = Release|Any CPU
		{4FBEE0C9-6CF2-4728-9EB6-86A2707E73E0}.Release|Any CPU.Build.0 = Release|Any CPU
	EndGlobalSection
	GlobalSection(SolutionProperties) = preSolution
		HideSolutionNode = FALSE
	EndGlobalSection
	GlobalSection(ExtensibilityGlobals) = postSolution
		SolutionGuid = {B7D62AC5-2960-41E9-871E-48B1D7CE4BE5}
	EndGlobalSection
EndGlobal
